
Microsoft Visual Studio Solution File, Format Version 12.00
# Visual Studio Version 17
VisualStudioVersion = 17.7.34024.191
MinimumVisualStudioVersion = 10.0.40219.1
Project("{9A19103F-16F7-4668-BE54-9A1E7A4F7556}") = "GD.WMS.WebApi", "GD.WMS.WebApi\GD.WMS.WebApi.csproj", "{CE3A6F56-EB6A-4BE2-BF65-359D4F965A9B}"
EndProject
Project("{FAE04EC0-301F-11D3-BF4B-00C04F79EFBC}") = "GD.Model", "GD.Model\GD.Model.csproj", "{EBA1419F-DF14-414B-942F-9173FB3A094B}"
EndProject
Project("{FAE04EC0-301F-11D3-BF4B-00C04F79EFBC}") = "GD.Service", "GD.Service\GD.Service.csproj", "{BD78ED48-A48A-428F-BDB4-C303A36E9A31}"
EndProject
Project("{FAE04EC0-301F-11D3-BF4B-00C04F79EFBC}") = "GD.Repository", "GD.Repository\GD.Repository.csproj", "{C9EA0E45-BC0B-4539-B937-4DDCF84997BE}"
EndProject
Project("{FAE04EC0-301F-11D3-BF4B-00C04F79EFBC}") = "GD.Infrastructure", "GD.Infrastructure\GD.Infrastructure.csproj", "{6CAD20CF-672C-4C6C-B97D-D4A2D58C0360}"
EndProject
Project("{FAE04EC0-301F-11D3-BF4B-00C04F79EFBC}") = "GD.Common", "GD.Common\GD.Common.csproj", "{7ACCC271-1747-44EE-B388-27EE9BA42947}"
EndProject
Project("{FAE04EC0-301F-11D3-BF4B-00C04F79EFBC}") = "GD.CodeGenerator", "GD.CodeGenerator\GD.CodeGenerator.csproj", "{52823218-100C-45D7-8350-0582AA87DA43}"
EndProject
Global
	GlobalSection(SolutionConfigurationPlatforms) = preSolution
		Debug|Any CPU = Debug|Any CPU
		Release|Any CPU = Release|Any CPU
	EndGlobalSection
	GlobalSection(ProjectConfigurationPlatforms) = postSolution
		{CE3A6F56-EB6A-4BE2-BF65-359D4F965A9B}.Debug|Any CPU.ActiveCfg = Debug|Any CPU
		{CE3A6F56-EB6A-4BE2-BF65-359D4F965A9B}.Debug|Any CPU.Build.0 = Debug|Any CPU
		{CE3A6F56-EB6A-4BE2-BF65-359D4F965A9B}.Release|Any CPU.ActiveCfg = Release|Any CPU
		{CE3A6F56-EB6A-4BE2-BF65-359D4F965A9B}.Release|Any CPU.Build.0 = Release|Any CPU
		{EBA1419F-DF14-414B-942F-9173FB3A094B}.Debug|Any CPU.ActiveCfg = Debug|Any CPU
		{EBA1419F-DF14-414B-942F-9173FB3A094B}.Debug|Any CPU.Build.0 = Debug|Any CPU
		{EBA1419F-DF14-414B-942F-9173FB3A094B}.Release|Any CPU.ActiveCfg = Release|Any CPU
		{EBA1419F-DF14-414B-942F-9173FB3A094B}.Release|Any CPU.Build.0 = Release|Any CPU
		{BD78ED48-A48A-428F-BDB4-C303A36E9A31}.Debug|Any CPU.ActiveCfg = Debug|Any CPU
		{BD78ED48-A48A-428F-BDB4-C303A36E9A31}.Debug|Any CPU.Build.0 = Debug|Any CPU
		{BD78ED48-A48A-428F-BDB4-C303A36E9A31}.Release|Any CPU.ActiveCfg = Release|Any CPU
		{BD78ED48-A48A-428F-BDB4-C303A36E9A31}.Release|Any CPU.Build.0 = Release|Any CPU
		{C9EA0E45-BC0B-4539-B937-4DDCF84997BE}.Debug|Any CPU.ActiveCfg = Debug|Any CPU
		{C9EA0E45-BC0B-4539-B937-4DDCF84997BE}.Debug|Any CPU.Build.0 = Debug|Any CPU
		{C9EA0E45-BC0B-4539-B937-4DDCF84997BE}.Release|Any CPU.ActiveCfg = Release|Any CPU
		{C9EA0E45-BC0B-4539-B937-4DDCF84997BE}.Release|Any CPU.Build.0 = Release|Any CPU
		{6CAD20CF-672C-4C6C-B97D-D4A2D58C0360}.Debug|Any CPU.ActiveCfg = Debug|Any CPU
		{6CAD20CF-672C-4C6C-B97D-D4A2D58C0360}.Debug|Any CPU.Build.0 = Debug|Any CPU
		{6CAD20CF-672C-4C6C-B97D-D4A2D58C0360}.Release|Any CPU.ActiveCfg = Release|Any CPU
		{6CAD20CF-672C-4C6C-B97D-D4A2D58C0360}.Release|Any CPU.Build.0 = Release|Any CPU
		{7ACCC271-1747-44EE-B388-27EE9BA42947}.Debug|Any CPU.ActiveCfg = Debug|Any CPU
		{7ACCC271-1747-44EE-B388-27EE9BA42947}.Debug|Any CPU.Build.0 = Debug|Any CPU
		{7ACCC271-1747-44EE-B388-27EE9BA42947}.Release|Any CPU.ActiveCfg = Release|Any CPU
		{7ACCC271-1747-44EE-B388-27EE9BA42947}.Release|Any CPU.Build.0 = Release|Any CPU
		{52823218-100C-45D7-8350-0582AA87DA43}.Debug|Any CPU.ActiveCfg = Debug|Any CPU
		{52823218-100C-45D7-8350-0582AA87DA43}.Debug|Any CPU.Build.0 = Debug|Any CPU
		{52823218-100C-45D7-8350-0582AA87DA43}.Release|Any CPU.ActiveCfg = Release|Any CPU
		{52823218-100C-45D7-8350-0582AA87DA43}.Release|Any CPU.Build.0 = Release|Any CPU
	EndGlobalSection
	GlobalSection(SolutionProperties) = preSolution
		HideSolutionNode = FALSE
	EndGlobalSection
	GlobalSection(ExtensibilityGlobals) = postSolution
		SolutionGuid = {D8840458-31FF-495C-8CBA-F1B8D09B93D8}
	EndGlobalSection
EndGlobal
